
Microsoft Visual Studio Solution File, Format Version 12.00
# Visual Studio Version 17
VisualStudioVersion = 17.14.36221.1 d17.14
MinimumVisualStudioVersion = 10.0.40219.1
Project("{FAE04EC0-301F-11D3-BF4B-00C04F79EFBC}") = "Obscura.TRDS", "Obscura.TRDS.csproj", "{EA89B36F-5EE8-4897-8ECE-D566D91EA330}"
EndProject
Global
	GlobalSection(SolutionConfigurationPlatforms) = preSolution
		Debug|Any CPU = Debug|Any CPU
		Release|Any CPU = Release|Any CPU
	EndGlobalSection
	GlobalSection(ProjectConfigurationPlatforms) = postSolution
		{EA89B36F-5EE8-4897-8ECE-D566D91EA330}.Debug|Any CPU.ActiveCfg = Debug|Any CPU
		{EA89B36F-5EE8-4897-8ECE-D566D91EA330}.Debug|Any CPU.Build.0 = Debug|Any CPU
		{EA89B36F-5EE8-4897-8ECE-D566D91EA330}.Release|Any CPU.ActiveCfg = Release|Any CPU
		{EA89B36F-5EE8-4897-8ECE-D566D91EA330}.Release|Any CPU.Build.0 = Release|Any CPU
	EndGlobalSection
	GlobalSection(SolutionProperties) = preSolution
		HideSolutionNode = FALSE
	EndGlobalSection
	GlobalSection(ExtensibilityGlobals) = postSolution
		SolutionGuid = {7541F9E8-05F0-4FEB-984D-2DD0206DF000}
	EndGlobalSection
EndGlobal
